// !$*UTF8*$!
{
	archiveVersion = 1;
	classes = {
	};
	objectVersion = 46;
	objects = {

/* Begin PBXBuildFile section */
		F65A6C951ED54BF800EDB09F /* AppDelegate.swift in Sources */ = {isa = PBXBuildFile; fileRef = F65A6C941ED54BF800EDB09F /* AppDelegate.swift */; };
		F65A6C971ED54BF800EDB09F /* ViewController.swift in Sources */ = {isa = PBXBuildFile; fileRef = F65A6C961ED54BF800EDB09F /* ViewController.swift */; };
		F65A6C9A1ED54BF800EDB09F /* Main.storyboard in Resources */ = {isa = PBXBuildFile; fileRef = F65A6C981ED54BF800EDB09F /* Main.storyboard */; };
		F65A6C9C1ED54BF800EDB09F /* Assets.xcassets in Resources */ = {isa = PBXBuildFile; fileRef = F65A6C9B1ED54BF800EDB09F /* Assets.xcassets */; };
		F65A6C9F1ED54BF800EDB09F /* LaunchScreen.storyboard in Resources */ = {isa = PBXBuildFile; fileRef = F65A6C9D1ED54BF800EDB09F /* LaunchScreen.storyboard */; };
/* End PBXBuildFile section */

/* Begin PBXFileReference section */
		F65A6C911ED54BF800EDB09F /* TemperateConverter.app */ = {isa = PBXFileReference; explicitFileType = wrapper.application; includeInIndex = 0; path = TemperateConverter.app; sourceTree = BUILT_PRODUCTS_DIR; };
		F65A6C941ED54BF800EDB09F /* AppDelegate.swift */ = {isa = PBXFileReference; lastKnownFileType = sourcecode.swift; path = AppDelegate.swift; sourceTree = "<group>"; };
		F65A6C961ED54BF800EDB09F /* ViewController.swift */ = {isa = PBXFileReference; lastKnownFileType = sourcecode.swift; path = ViewController.swift; sourceTree = "<group>"; };
		F65A6C991ED54BF800EDB09F /* Base */ = {isa = PBXFileReference; lastKnownFileType = file.storyboard; name = Base; path = Base.lproj/Main.storyboard; sourceTree = "<group>"; };
		F65A6C9B1ED54BF800EDB09F /* Assets.xcassets */ = {isa = PBXFileReference; lastKnownFileType = folder.assetcatalog; path = Assets.xcassets; sourceTree = "<group>"; };
		F65A6C9E1ED54BF800EDB09F /* Base */ = {isa = PBXFileReference; lastKnownFileType = file.storyboard; name = Base; path = Base.lproj/LaunchScreen.storyboard; sourceTree = "<group>"; };
		F65A6CA01ED54BF800EDB09F /* Info.plist */ = {isa = PBXFileReference; lastKnownFileType = text.plist.xml; path = Info.plist; sourceTree = "<group>"; };
/* End PBXFileReference section */

/* Begin PBXFrameworksBuildPhase section */
		F65A6C8E1ED54BF800EDB09F /* Frameworks */ = {
			isa = PBXFrameworksBuildPhase;
			buildActionMask = 2147483647;
			files = (
			);
			runOnlyForDeploymentPostprocessing = 0;
		};
/* End PBXFrameworksBuildPhase section */

/* Begin PBXGroup section */
		F65A6C881ED54BF800EDB09F = {
			isa = PBXGroup;
			children = (
				F65A6C931ED54BF800EDB09F /* TemperateConverter */,
				F65A6C921ED54BF800EDB09F /* Products */,
			);
			sourceTree = "<group>";
		};
		F65A6C921ED54BF800EDB09F /* Products */ = {
			isa = PBXGroup;
			children = (
				F65A6C911ED54BF800EDB09F /* TemperateConverter.app */,
			);
			name = Products;
			sourceTree = "<group>";
		};
		F65A6C931ED54BF800EDB09F /* TemperateConverter */ = {
			isa = PBXGroup;
			children = (
				F65A6C941ED54BF800EDB09F /* AppDelegate.swift */,
				F65A6C961ED54BF800EDB09F /* ViewController.swift */,
				F65A6C981ED54BF800EDB09F /* Main.storyboard */,
				F65A6C9B1ED54BF800EDB09F /* Assets.xcassets */,
				F65A6C9D1ED54BF800EDB09F /* LaunchScreen.storyboard */,
				F65A6CA01ED54BF800EDB09F /* Info.plist */,
			);
			path = TemperateConverter;
			sourceTree = "<group>";
		};
/* End PBXGroup section */

/* Begin PBXNativeTarget section */
		F65A6C901ED54BF800EDB09F /* TemperateConverter */ = {
			isa = PBXNativeTarget;
			buildConfigurationList = F65A6CA31ED54BF800EDB09F /* Build configuration list for PBXNativeTarget "TemperateConverter" */;
			buildPhases = (
				F65A6C8D1ED54BF800EDB09F /* Sources */,
				F65A6C8E1ED54BF800EDB09F /* Frameworks */,
				F65A6C8F1ED54BF800EDB09F /* Resources */,
			);
			buildRules = (
			);
			dependencies = (
			);
			name = TemperateConverter;
			productName = TemperateConverter;
			productReference = F65A6C911ED54BF800EDB09F /* TemperateConverter.app */;
			productType = "com.apple.product-type.application";
		};
/* End PBXNativeTarget section */

/* Begin PBXProject section */
		F65A6C891ED54BF800EDB09F /* Project object */ = {
			isa = PBXProject;
			attributes = {
				LastSwiftUpdateCheck = 0830;
				LastUpgradeCheck = 0830;
				ORGANIZATIONNAME = "Donald Morton";
				TargetAttributes = {
					F65A6C901ED54BF800EDB09F = {
						CreatedOnToolsVersion = 8.3.2;
						DevelopmentTeam = F7H4PVX37H;
						ProvisioningStyle = Automatic;
					};
				};
			};
			buildConfigurationList = F65A6C8C1ED54BF800EDB09F /* Build configuration list for PBXProject "TemperateConverter" */;
			compatibilityVersion = "Xcode 3.2";
			developmentRegion = English;
			hasScannedForEncodings = 0;
			knownRegions = (
				en,
				Base,
			);
			mainGroup = F65A6C881ED54BF800EDB09F;
			productRefGroup = F65A6C921ED54BF800EDB09F /* Products */;
			projectDirPath = "";
			projectRoot = "";
			targets = (
				F65A6C901ED54BF800EDB09F /* TemperateConverter */,
			);
		};
/* End PBXProject section */

/* Begin PBXResourcesBuildPhase section */
		F65A6C8F1ED54BF800EDB09F /* Resources */ = {
			isa = PBXResourcesBuildPhase;
			buildActionMask = 2147483647;
			files = (
				F65A6C9F1ED54BF800EDB09F /* LaunchScreen.storyboard in Resources */,
				F65A6C9C1ED54BF800EDB09F /* Assets.xcassets in Resources */,
				F65A6C9A1ED54BF800EDB09F /* Main.storyboard in Resources */,
			);
			runOnlyForDeploymentPostprocessing = 0;
		};
/* End PBXResourcesBuildPhase section */

/* Begin PBXSourcesBuildPhase section */
		F65A6C8D1ED54BF800EDB09F /* Sources */ = {
			isa = PBXSourcesBuildPhase;
			buildActionMask = 2147483647;
			files = (
				F65A6C971ED54BF800EDB09F /* ViewController.swift in Sources */,
				F65A6C951ED54BF800EDB09F /* AppDelegate.swift in Sources */,
			);
			runOnlyForDeploymentPostprocessing = 0;
		};
/* End PBXSourcesBuildPhase section */

/* Begin PBXVariantGroup section */
		F65A6C981ED54BF800EDB09F /* Main.storyboard */ = {
			isa = PBXVariantGroup;
			children = (
				F65A6C991ED54BF800EDB09F /* Base */,
			);
			name = Main.storyboard;
			sourceTree = "<group>";
		};
		F65A6C9D1ED54BF800EDB09F /* LaunchScreen.storyboard */ = {
			isa = PBXVariantGroup;
			children = (
				F65A6C9E1ED54BF800EDB09F /* Base */,
			);
			name = LaunchScreen.storyboard;
			sourceTree = "<group>";
		};
/* End PBXVariantGroup section */

/* Begin XCBuildConfiguration section */
		F65A6CA11ED54BF800EDB09F /* Debug */ = {
			isa = XCBuildConfiguration;
			buildSettings = {
				ALWAYS_SEARCH_USER_PATHS = NO;
				CLANG_ANALYZER_NONNULL = YES;
				CLANG_ANALYZER_NUMBER_OBJECT_CONVERSION = YES_AGGRESSIVE;
				CLANG_CXX_LANGUAGE_STANDARD = "gnu++0x";
				CLANG_CXX_LIBRARY = "libc++";
				CLANG_ENABLE_MODULES = YES;
				CLANG_ENABLE_OBJC_ARC = YES;
				CLANG_WARN_BOOL_CONVERSION = YES;
				CLANG_WARN_CONSTANT_CONVERSION = YES;
				CLANG_WARN_DIRECT_OBJC_ISA_USAGE = YES_ERROR;
				CLANG_WARN_DOCUMENTATION_COMMENTS = YES;
				CLANG_WARN_EMPTY_BODY = YES;
				CLANG_WARN_ENUM_CONVERSION = YES;
				CLANG_WARN_INFINITE_RECURSION = YES;
				CLANG_WARN_INT_CONVERSION = YES;
				CLANG_WARN_OBJC_ROOT_CLASS = YES_ERROR;
				CLANG_WARN_SUSPICIOUS_MOVE = YES;
				CLANG_WARN_UNREACHABLE_CODE = YES;
				CLANG_WARN__DUPLICATE_METHOD_MATCH = YES;
				"CODE_SIGN_IDENTITY[sdk=iphoneos*]" = "iPhone Developer";
				COPY_PHASE_STRIP = NO;
				DEBUG_INFORMATION_FORMAT = dwarf;
				ENABLE_STRICT_OBJC_MSGSEND = YES;
				ENABLE_TESTABILITY = YES;
				GCC_C_LANGUAGE_STANDARD = gnu99;
				GCC_DYNAMIC_NO_PIC = NO;
				GCC_NO_COMMON_BLOCKS = YES;
				GCC_OPTIMIZATION_LEVEL = 0;
				GCC_PREPROCESSOR_DEFINITIONS = (
					"DEBUG=1",
					"$(inherited)",
				);
				GCC_WARN_64_TO_32_BIT_CONVERSION = YES;
				GCC_WARN_ABOUT_RETURN_TYPE = YES_ERROR;
				GCC_WARN_UNDECLARED_SELECTOR = YES;
				GCC_WARN_UNINITIALIZED_AUTOS = YES_AGGRESSIVE;
				GCC_WARN_UNUSED_FUNCTION = YES;
				GCC_WARN_UNUSED_VARIABLE = YES;
				IPHONEOS_DEPLOYMENT_TARGET = 10.3;
				MTL_ENABLE_DEBUG_INFO = YES;
				ONLY_ACTIVE_ARCH = YES;
				SDKROOT = iphoneos;
				SWIFT_ACTIVE_COMPILATION_CONDITIONS = DEBUG;
				SWIFT_OPTIMIZATION_LEVEL = "-Onone";
				TARGETED_DEVICE_FAMILY = "1,2";
			};
			name = Debug;
		};
		F65A6CA21ED54BF800EDB09F /* Release */ = {
			isa = XCBuildConfiguration;
			buildSettings = {
				ALWAYS_SEARCH_USER_PATHS = NO;
				CLANG_ANALYZER_NONNULL = YES;
				CLANG_ANALYZER_NUMBER_OBJECT_CONVERSION = YES_AGGRESSIVE;
				CLANG_CXX_LANGUAGE_STANDARD = "gnu++0x";
				CLANG_CXX_LIBRARY = "libc++";
				CLANG_ENABLE_MODULES = YES;
				CLANG_ENABLE_OBJC_ARC = YES;
				CLANG_WARN_BOOL_CONVERSION = YES;
				CLANG_WARN_CONSTANT_CONVERSION = YES;
				CLANG_WARN_DIRECT_OBJC_ISA_USAGE = YES_ERROR;
				CLANG_WARN_DOCUMENTATION_COMMENTS = YES;
				CLANG_WARN_EMPTY_BODY = YES;
				CLANG_WARN_ENUM_CONVERSION = YES;
				CLANG_WARN_INFINITE_RECURSION = YES;
				CLANG_WARN_INT_CONVERSION = YES;
				CLANG_WARN_OBJC_ROOT_CLASS = YES_ERROR;
				CLANG_WARN_SUSPICIOUS_MOVE = YES;
				CLANG_WARN_UNREACHABLE_CODE = YES;
				CLANG_WARN__DUPLICATE_METHOD_MATCH = YES;
				"CODE_SIGN_IDENTITY[sdk=iphoneos*]" = "iPhone Developer";
				COPY_PHASE_STRIP = NO;
				DEBUG_INFORMATION_FORMAT = "dwarf-with-dsym";
				ENABLE_NS_ASSERTIONS = NO;
				ENABLE_STRICT_OBJC_MSGSEND = YES;
				GCC_C_LANGUAGE_STANDARD = gnu99;
				GCC_NO_COMMON_BLOCKS = YES;
				GCC_WARN_64_TO_32_BIT_CONVERSION = YES;
				GCC_WARN_ABOUT_RETURN_TYPE = YES_ERROR;
				GCC_WARN_UNDECLARED_SELECTOR = YES;
				GCC_WARN_UNINITIALIZED_AUTOS = YES_AGGRESSIVE;
				GCC_WARN_UNUSED_FUNCTION = YES;
				GCC_WARN_UNUSED_VARIABLE = YES;
				IPHONEOS_DEPLOYMENT_TARGET = 10.3;
				MTL_ENABLE_DEBUG_INFO = NO;
				SDKROOT = iphoneos;
				SWIFT_OPTIMIZATION_LEVEL = "-Owholemodule";
				TARGETED_DEVICE_FAMILY = "1,2";
				VALIDATE_PRODUCT = YES;
			};
			name = Release;
		};
		F65A6CA41ED54BF800EDB09F /* Debug */ = {
			isa = XCBuildConfiguration;
			buildSettings = {
				ASSETCATALOG_COMPILER_APPICON_NAME = AppIcon;
				DEVELOPMENT_TEAM = F7H4PVX37H;
				INFOPLIST_FILE = TemperateConverter/Info.plist;
				LD_RUNPATH_SEARCH_PATHS = "$(inherited) @executable_path/Frameworks";
				PRODUCT_BUNDLE_IDENTIFIER = me.donaldm.TemperateConverter;
				PRODUCT_NAME = "$(TARGET_NAME)";
				SWIFT_VERSION = 3.0;
			};
			name = Debug;
		};
		F65A6CA51ED54BF800EDB09F /* Release */ = {
			isa = XCBuildConfiguration;
			buildSettings = {
				ASSETCATALOG_COMPILER_APPICON_NAME = AppIcon;
				DEVELOPMENT_TEAM = F7H4PVX37H;
				INFOPLIST_FILE = TemperateConverter/Info.plist;
				LD_RUNPATH_SEARCH_PATHS = "$(inherited) @executable_path/Frameworks";
				PRODUCT_BUNDLE_IDENTIFIER = me.donaldm.TemperateConverter;
				PRODUCT_NAME = "$(TARGET_NAME)";
				SWIFT_VERSION = 3.0;
			};
			name = Release;
		};
/* End XCBuildConfiguration section */

/* Begin XCConfigurationList section */
		F65A6C8C1ED54BF800EDB09F /* Build configuration list for PBXProject "TemperateConverter" */ = {
			isa = XCConfigurationList;
			buildConfigurations = (
				F65A6CA11ED54BF800EDB09F /* Debug */,
				F65A6CA21ED54BF800EDB09F /* Release */,
			);
			defaultConfigurationIsVisible = 0;
			defaultConfigurationName = Release;
		};
		F65A6CA31ED54BF800EDB09F /* Build configuration list for PBXNativeTarget "TemperateConverter" */ = {
			isa = XCConfigurationList;
			buildConfigurations = (
				F65A6CA41ED54BF800EDB09F /* Debug */,
				F65A6CA51ED54BF800EDB09F /* Release */,
			);
			defaultConfigurationIsVisible = 0;
		};
/* End XCConfigurationList section */
	};
	rootObject = F65A6C891ED54BF800EDB09F /* Project object */;
}
